
Microsoft Visual Studio Solution File, Format Version 12.00
# Visual Studio 14
VisualStudioVersion = 14.0.24720.0
MinimumVisualStudioVersion = 10.0.40219.1
Project("{8BC9CEB8-8B4A-11D0-8D11-00A0C91BC942}") = "horsechecksum", "horsechecksum\horsechecksum.vcxproj", "{336277C6-FA03-468A-8997-B10B2D02DB2B}"
EndProject
Project("{8BC9CEB8-8B4A-11D0-8D11-00A0C91BC942}") = "rotatebitboardchecksum", "rotatebitboardchecksum\rotatebitboardchecksum.vcxproj", "{5D14021F-A9AE-435A-B333-684D3F06FE5C}"
EndProject
Project("{8BC9CEB8-8B4A-11D0-8D11-00A0C91BC942}") = "lookupforimagic", "lookupforimagic\lookupforimagic.vcxproj", "{5F602E02-9C3F-49CD-BDCB-28F4E019ECC2}"
EndProject
Project("{8BC9CEB8-8B4A-11D0-8D11-00A0C91BC942}") = "rookandcannonimagicgen", "rookandcannonimagicgen\rookandcannonimagicgen.vcxproj", "{228D5ED4-2B68-430E-A66F-F900EDDF8D00}"
EndProject
Project("{8BC9CEB8-8B4A-11D0-8D11-00A0C91BC942}") = "rookandcannon128bitimagicgen", "rookandcannon128bitimagicgen\rookandcannon128bitimagicgen.vcxproj", "{8AEB9D7C-BEC9-441A-B8E6-719FD8D2F4D4}"
EndProject
Project("{8BC9CEB8-8B4A-11D0-8D11-00A0C91BC942}") = "rotate64bitboardchecksum", "rotate64bitboardchecksum\rotate64bitboardchecksum.vcxproj", "{D942CB8B-E44E-4BC5-A3B8-CCD83D432CB6}"
EndProject
Project("{8BC9CEB8-8B4A-11D0-8D11-00A0C91BC942}") = "rotate64bitboardknightimagic", "rotate64bitboardknightimagic\rotate64bitboardknightimagic.vcxproj", "{7908ED85-F715-43A7-A239-967304419DA8}"
EndProject
Project("{8BC9CEB8-8B4A-11D0-8D11-00A0C91BC942}") = "rotate64bitboardchecksum_evasions", "rotate64bitboardchecksum_evasions\rotate64bitboardchecksum_evasions.vcxproj", "{E62BFCE3-DCF9-4CD8-902F-6496AB6F4D77}"
EndProject
Project("{8BC9CEB8-8B4A-11D0-8D11-00A0C91BC942}") = "ImagicBitboard64Evasion", "ImagicBitboard64Evasion\ImagicBitboard64Evasion.vcxproj", "{2A7A370C-DC79-46B5-924E-13971FFF0444}"
EndProject
Project("{8BC9CEB8-8B4A-11D0-8D11-00A0C91BC942}") = "other", "other\other.vcxproj", "{8C75536B-BA5D-4305-A3D4-B9A7FEAFF682}"
EndProject
Global
	GlobalSection(SolutionConfigurationPlatforms) = preSolution
		Debug|Win32 = Debug|Win32
		Debug|x64 = Debug|x64
		Release|Win32 = Release|Win32
		Release|x64 = Release|x64
	EndGlobalSection
	GlobalSection(ProjectConfigurationPlatforms) = postSolution
		{336277C6-FA03-468A-8997-B10B2D02DB2B}.Debug|Win32.ActiveCfg = Debug|Win32
		{336277C6-FA03-468A-8997-B10B2D02DB2B}.Debug|Win32.Build.0 = Debug|Win32
		{336277C6-FA03-468A-8997-B10B2D02DB2B}.Debug|x64.ActiveCfg = Debug|x64
		{336277C6-FA03-468A-8997-B10B2D02DB2B}.Debug|x64.Build.0 = Debug|x64
		{336277C6-FA03-468A-8997-B10B2D02DB2B}.Release|Win32.ActiveCfg = Release|Win32
		{336277C6-FA03-468A-8997-B10B2D02DB2B}.Release|Win32.Build.0 = Release|Win32
		{336277C6-FA03-468A-8997-B10B2D02DB2B}.Release|x64.ActiveCfg = Release|x64
		{336277C6-FA03-468A-8997-B10B2D02DB2B}.Release|x64.Build.0 = Release|x64
		{5D14021F-A9AE-435A-B333-684D3F06FE5C}.Debug|Win32.ActiveCfg = Debug|Win32
		{5D14021F-A9AE-435A-B333-684D3F06FE5C}.Debug|Win32.Build.0 = Debug|Win32
		{5D14021F-A9AE-435A-B333-684D3F06FE5C}.Debug|x64.ActiveCfg = Debug|x64
		{5D14021F-A9AE-435A-B333-684D3F06FE5C}.Debug|x64.Build.0 = Debug|x64
		{5D14021F-A9AE-435A-B333-684D3F06FE5C}.Release|Win32.ActiveCfg = Release|Win32
		{5D14021F-A9AE-435A-B333-684D3F06FE5C}.Release|Win32.Build.0 = Release|Win32
		{5D14021F-A9AE-435A-B333-684D3F06FE5C}.Release|x64.ActiveCfg = Release|x64
		{5D14021F-A9AE-435A-B333-684D3F06FE5C}.Release|x64.Build.0 = Release|x64
		{5F602E02-9C3F-49CD-BDCB-28F4E019ECC2}.Debug|Win32.ActiveCfg = Debug|Win32
		{5F602E02-9C3F-49CD-BDCB-28F4E019ECC2}.Debug|Win32.Build.0 = Debug|Win32
		{5F602E02-9C3F-49CD-BDCB-28F4E019ECC2}.Debug|x64.ActiveCfg = Debug|x64
		{5F602E02-9C3F-49CD-BDCB-28F4E019ECC2}.Debug|x64.Build.0 = Debug|x64
		{5F602E02-9C3F-49CD-BDCB-28F4E019ECC2}.Release|Win32.ActiveCfg = Release|Win32
		{5F602E02-9C3F-49CD-BDCB-28F4E019ECC2}.Release|Win32.Build.0 = Release|Win32
		{5F602E02-9C3F-49CD-BDCB-28F4E019ECC2}.Release|x64.ActiveCfg = Release|x64
		{5F602E02-9C3F-49CD-BDCB-28F4E019ECC2}.Release|x64.Build.0 = Release|x64
		{228D5ED4-2B68-430E-A66F-F900EDDF8D00}.Debug|Win32.ActiveCfg = Debug|Win32
		{228D5ED4-2B68-430E-A66F-F900EDDF8D00}.Debug|Win32.Build.0 = Debug|Win32
		{228D5ED4-2B68-430E-A66F-F900EDDF8D00}.Debug|x64.ActiveCfg = Debug|x64
		{228D5ED4-2B68-430E-A66F-F900EDDF8D00}.Debug|x64.Build.0 = Debug|x64
		{228D5ED4-2B68-430E-A66F-F900EDDF8D00}.Release|Win32.ActiveCfg = Release|Win32
		{228D5ED4-2B68-430E-A66F-F900EDDF8D00}.Release|Win32.Build.0 = Release|Win32
		{228D5ED4-2B68-430E-A66F-F900EDDF8D00}.Release|x64.ActiveCfg = Release|x64
		{228D5ED4-2B68-430E-A66F-F900EDDF8D00}.Release|x64.Build.0 = Release|x64
		{8AEB9D7C-BEC9-441A-B8E6-719FD8D2F4D4}.Debug|Win32.ActiveCfg = Debug|Win32
		{8AEB9D7C-BEC9-441A-B8E6-719FD8D2F4D4}.Debug|Win32.Build.0 = Debug|Win32
		{8AEB9D7C-BEC9-441A-B8E6-719FD8D2F4D4}.Debug|x64.ActiveCfg = Debug|x64
		{8AEB9D7C-BEC9-441A-B8E6-719FD8D2F4D4}.Debug|x64.Build.0 = Debug|x64
		{8AEB9D7C-BEC9-441A-B8E6-719FD8D2F4D4}.Release|Win32.ActiveCfg = Release|Win32
		{8AEB9D7C-BEC9-441A-B8E6-719FD8D2F4D4}.Release|Win32.Build.0 = Release|Win32
		{8AEB9D7C-BEC9-441A-B8E6-719FD8D2F4D4}.Release|x64.ActiveCfg = Release|x64
		{8AEB9D7C-BEC9-441A-B8E6-719FD8D2F4D4}.Release|x64.Build.0 = Release|x64
		{D942CB8B-E44E-4BC5-A3B8-CCD83D432CB6}.Debug|Win32.ActiveCfg = Debug|Win32
		{D942CB8B-E44E-4BC5-A3B8-CCD83D432CB6}.Debug|Win32.Build.0 = Debug|Win32
		{D942CB8B-E44E-4BC5-A3B8-CCD83D432CB6}.Debug|x64.ActiveCfg = Debug|x64
		{D942CB8B-E44E-4BC5-A3B8-CCD83D432CB6}.Debug|x64.Build.0 = Debug|x64
		{D942CB8B-E44E-4BC5-A3B8-CCD83D432CB6}.Release|Win32.ActiveCfg = Release|Win32
		{D942CB8B-E44E-4BC5-A3B8-CCD83D432CB6}.Release|Win32.Build.0 = Release|Win32
		{D942CB8B-E44E-4BC5-A3B8-CCD83D432CB6}.Release|x64.ActiveCfg = Release|x64
		{D942CB8B-E44E-4BC5-A3B8-CCD83D432CB6}.Release|x64.Build.0 = Release|x64
		{7908ED85-F715-43A7-A239-967304419DA8}.Debug|Win32.ActiveCfg = Debug|Win32
		{7908ED85-F715-43A7-A239-967304419DA8}.Debug|Win32.Build.0 = Debug|Win32
		{7908ED85-F715-43A7-A239-967304419DA8}.Debug|x64.ActiveCfg = Debug|x64
		{7908ED85-F715-43A7-A239-967304419DA8}.Debug|x64.Build.0 = Debug|x64
		{7908ED85-F715-43A7-A239-967304419DA8}.Release|Win32.ActiveCfg = Release|Win32
		{7908ED85-F715-43A7-A239-967304419DA8}.Release|Win32.Build.0 = Release|Win32
		{7908ED85-F715-43A7-A239-967304419DA8}.Release|x64.ActiveCfg = Release|x64
		{7908ED85-F715-43A7-A239-967304419DA8}.Release|x64.Build.0 = Release|x64
		{E62BFCE3-DCF9-4CD8-902F-6496AB6F4D77}.Debug|Win32.ActiveCfg = Debug|Win32
		{E62BFCE3-DCF9-4CD8-902F-6496AB6F4D77}.Debug|Win32.Build.0 = Debug|Win32
		{E62BFCE3-DCF9-4CD8-902F-6496AB6F4D77}.Debug|x64.ActiveCfg = Debug|x64
		{E62BFCE3-DCF9-4CD8-902F-6496AB6F4D77}.Debug|x64.Build.0 = Debug|x64
		{E62BFCE3-DCF9-4CD8-902F-6496AB6F4D77}.Release|Win32.ActiveCfg = Release|Win32
		{E62BFCE3-DCF9-4CD8-902F-6496AB6F4D77}.Release|Win32.Build.0 = Release|Win32
		{E62BFCE3-DCF9-4CD8-902F-6496AB6F4D77}.Release|x64.ActiveCfg = Release|x64
		{E62BFCE3-DCF9-4CD8-902F-6496AB6F4D77}.Release|x64.Build.0 = Release|x64
		{2A7A370C-DC79-46B5-924E-13971FFF0444}.Debug|Win32.ActiveCfg = Debug|Win32
		{2A7A370C-DC79-46B5-924E-13971FFF0444}.Debug|Win32.Build.0 = Debug|Win32
		{2A7A370C-DC79-46B5-924E-13971FFF0444}.Debug|x64.ActiveCfg = Debug|x64
		{2A7A370C-DC79-46B5-924E-13971FFF0444}.Debug|x64.Build.0 = Debug|x64
		{2A7A370C-DC79-46B5-924E-13971FFF0444}.Release|Win32.ActiveCfg = Release|Win32
		{2A7A370C-DC79-46B5-924E-13971FFF0444}.Release|Win32.Build.0 = Release|Win32
		{2A7A370C-DC79-46B5-924E-13971FFF0444}.Release|x64.ActiveCfg = Release|x64
		{2A7A370C-DC79-46B5-924E-13971FFF0444}.Release|x64.Build.0 = Release|x64
		{8C75536B-BA5D-4305-A3D4-B9A7FEAFF682}.Debug|Win32.ActiveCfg = Debug|Win32
		{8C75536B-BA5D-4305-A3D4-B9A7FEAFF682}.Debug|Win32.Build.0 = Debug|Win32
		{8C75536B-BA5D-4305-A3D4-B9A7FEAFF682}.Debug|x64.ActiveCfg = Debug|x64
		{8C75536B-BA5D-4305-A3D4-B9A7FEAFF682}.Debug|x64.Build.0 = Debug|x64
		{8C75536B-BA5D-4305-A3D4-B9A7FEAFF682}.Release|Win32.ActiveCfg = Release|Win32
		{8C75536B-BA5D-4305-A3D4-B9A7FEAFF682}.Release|Win32.Build.0 = Release|Win32
		{8C75536B-BA5D-4305-A3D4-B9A7FEAFF682}.Release|x64.ActiveCfg = Release|x64
		{8C75536B-BA5D-4305-A3D4-B9A7FEAFF682}.Release|x64.Build.0 = Release|x64
	EndGlobalSection
	GlobalSection(SolutionProperties) = preSolution
		HideSolutionNode = FALSE
	EndGlobalSection
EndGlobal
